
Microsoft Visual Studio Solution File, Format Version 12.00
# Visual Studio Version 17
VisualStudioVersion = 17.4.32916.344
MinimumVisualStudioVersion = 10.0.40219.1
Project("{8BC9CEB8-8B4A-11D0-8D11-00A0C91BC942}") = "Repaso2", "Repaso2\Repaso2.vcxproj", "{2E063B84-6CFA-48A8-B44F-1F23D1EF8200}"
EndProject
Global
	GlobalSection(SolutionConfigurationPlatforms) = preSolution
		Debug|x64 = Debug|x64
		Debug|x86 = Debug|x86
		Release|x64 = Release|x64
		Release|x86 = Release|x86
	EndGlobalSection
	GlobalSection(ProjectConfigurationPlatforms) = postSolution
		{2E063B84-6CFA-48A8-B44F-1F23D1EF8200}.Debug|x64.ActiveCfg = Debug|x64
		{2E063B84-6CFA-48A8-B44F-1F23D1EF8200}.Debug|x64.Build.0 = Debug|x64
		{2E063B84-6CFA-48A8-B44F-1F23D1EF8200}.Debug|x86.ActiveCfg = Debug|Win32
		{2E063B84-6CFA-48A8-B44F-1F23D1EF8200}.Debug|x86.Build.0 = Debug|Win32
		{2E063B84-6CFA-48A8-B44F-1F23D1EF8200}.Release|x64.ActiveCfg = Release|x64
		{2E063B84-6CFA-48A8-B44F-1F23D1EF8200}.Release|x64.Build.0 = Release|x64
		{2E063B84-6CFA-48A8-B44F-1F23D1EF8200}.Release|x86.ActiveCfg = Release|Win32
		{2E063B84-6CFA-48A8-B44F-1F23D1EF8200}.Release|x86.Build.0 = Release|Win32
	EndGlobalSection
	GlobalSection(SolutionProperties) = preSolution
		HideSolutionNode = FALSE
	EndGlobalSection
	GlobalSection(ExtensibilityGlobals) = postSolution
		SolutionGuid = {C423C251-B828-4BC6-A016-13DB25C5384B}
	EndGlobalSection
EndGlobal
